
Microsoft Visual Studio Solution File, Format Version 12.00
# Visual Studio Version 17
VisualStudioVersion = 17.0.31903.59
MinimumVisualStudioVersion = 10.0.40219.1
Project("{2150E333-8FDC-42A3-9474-1A3956D46DE8}") = "src", "src", "{827E0CD3-B72D-47B6-A68D-7590B98EB39B}"
EndProject
Project("{FAE04EC0-301F-11D3-BF4B-00C04F79EFBC}") = "Chatbot.Api", "src\Chatbot.Api\Chatbot.Api.csproj", "{64760A3C-6B9D-4C95-960A-F25A40148DC5}"
EndProject
Project("{FAE04EC0-301F-11D3-BF4B-00C04F79EFBC}") = "Chatbot.Core", "src\Chatbot.Core\Chatbot.Core.csproj", "{6262310A-E628-45B1-9F05-2D5C549367D7}"
EndProject
Project("{FAE04EC0-301F-11D3-BF4B-00C04F79EFBC}") = "Chatbot.Tests", "tests\Chatbot.Tests\Chatbot.Tests.csproj", "{14BD27FE-EE5E-4680-84F7-CFEB898BA1FF}"
EndProject
Project("{FAE04EC0-301F-11D3-BF4B-00C04F79EFBC}") = "Chatbot.Infrastructure", "src\Chatbot.Infrastructure\Chatbot.Infrastructure.csproj", "{BB0E298E-0AEE-4C91-93A8-6C85DA480DB7}"
EndProject
Project("{2150E333-8FDC-42A3-9474-1A3956D46DE8}") = "tools", "tools", "{07C2787E-EAC7-C090-1BA3-A61EC2A24D84}"
EndProject
Project("{FAE04EC0-301F-11D3-BF4B-00C04F79EFBC}") = "Chatbot.Eval", "tools\Chatbot.Eval\Chatbot.Eval.csproj", "{F2CA5392-1C5B-4365-AB21-FACA5812E366}"
EndProject
Global
	GlobalSection(SolutionConfigurationPlatforms) = preSolution
		Debug|Any CPU = Debug|Any CPU
		Debug|x64 = Debug|x64
		Debug|x86 = Debug|x86
		Release|Any CPU = Release|Any CPU
		Release|x64 = Release|x64
		Release|x86 = Release|x86
	EndGlobalSection
	GlobalSection(ProjectConfigurationPlatforms) = postSolution
		{64760A3C-6B9D-4C95-960A-F25A40148DC5}.Debug|Any CPU.ActiveCfg = Debug|Any CPU
		{64760A3C-6B9D-4C95-960A-F25A40148DC5}.Debug|Any CPU.Build.0 = Debug|Any CPU
		{64760A3C-6B9D-4C95-960A-F25A40148DC5}.Debug|x64.ActiveCfg = Debug|Any CPU
		{64760A3C-6B9D-4C95-960A-F25A40148DC5}.Debug|x64.Build.0 = Debug|Any CPU
		{64760A3C-6B9D-4C95-960A-F25A40148DC5}.Debug|x86.ActiveCfg = Debug|Any CPU
		{64760A3C-6B9D-4C95-960A-F25A40148DC5}.Debug|x86.Build.0 = Debug|Any CPU
		{64760A3C-6B9D-4C95-960A-F25A40148DC5}.Release|Any CPU.ActiveCfg = Release|Any CPU
		{64760A3C-6B9D-4C95-960A-F25A40148DC5}.Release|Any CPU.Build.0 = Release|Any CPU
		{64760A3C-6B9D-4C95-960A-F25A40148DC5}.Release|x64.ActiveCfg = Release|Any CPU
		{64760A3C-6B9D-4C95-960A-F25A40148DC5}.Release|x64.Build.0 = Release|Any CPU
		{64760A3C-6B9D-4C95-960A-F25A40148DC5}.Release|x86.ActiveCfg = Release|Any CPU
		{64760A3C-6B9D-4C95-960A-F25A40148DC5}.Release|x86.Build.0 = Release|Any CPU
		{6262310A-E628-45B1-9F05-2D5C549367D7}.Debug|Any CPU.ActiveCfg = Debug|Any CPU
		{6262310A-E628-45B1-9F05-2D5C549367D7}.Debug|Any CPU.Build.0 = Debug|Any CPU
		{6262310A-E628-45B1-9F05-2D5C549367D7}.Debug|x64.ActiveCfg = Debug|Any CPU
		{6262310A-E628-45B1-9F05-2D5C549367D7}.Debug|x64.Build.0 = Debug|Any CPU
		{6262310A-E628-45B1-9F05-2D5C549367D7}.Debug|x86.ActiveCfg = Debug|Any CPU
		{6262310A-E628-45B1-9F05-2D5C549367D7}.Debug|x86.Build.0 = Debug|Any CPU
		{6262310A-E628-45B1-9F05-2D5C549367D7}.Release|Any CPU.ActiveCfg = Release|Any CPU
		{6262310A-E628-45B1-9F05-2D5C549367D7}.Release|Any CPU.Build.0 = Release|Any CPU
		{6262310A-E628-45B1-9F05-2D5C549367D7}.Release|x64.ActiveCfg = Release|Any CPU
		{6262310A-E628-45B1-9F05-2D5C549367D7}.Release|x64.Build.0 = Release|Any CPU
		{6262310A-E628-45B1-9F05-2D5C549367D7}.Release|x86.ActiveCfg = Release|Any CPU
		{6262310A-E628-45B1-9F05-2D5C549367D7}.Release|x86.Build.0 = Release|Any CPU
		{14BD27FE-EE5E-4680-84F7-CFEB898BA1FF}.Debug|Any CPU.ActiveCfg = Debug|Any CPU
		{14BD27FE-EE5E-4680-84F7-CFEB898BA1FF}.Debug|Any CPU.Build.0 = Debug|Any CPU
		{14BD27FE-EE5E-4680-84F7-CFEB898BA1FF}.Debug|x64.ActiveCfg = Debug|Any CPU
		{14BD27FE-EE5E-4680-84F7-CFEB898BA1FF}.Debug|x64.Build.0 = Debug|Any CPU
		{14BD27FE-EE5E-4680-84F7-CFEB898BA1FF}.Debug|x86.ActiveCfg = Debug|Any CPU
		{14BD27FE-EE5E-4680-84F7-CFEB898BA1FF}.Debug|x86.Build.0 = Debug|Any CPU
		{14BD27FE-EE5E-4680-84F7-CFEB898BA1FF}.Release|Any CPU.ActiveCfg = Release|Any CPU
		{14BD27FE-EE5E-4680-84F7-CFEB898BA1FF}.Release|Any CPU.Build.0 = Release|Any CPU
		{14BD27FE-EE5E-4680-84F7-CFEB898BA1FF}.Release|x64.ActiveCfg = Release|Any CPU
		{14BD27FE-EE5E-4680-84F7-CFEB898BA1FF}.Release|x64.Build.0 = Release|Any CPU
		{14BD27FE-EE5E-4680-84F7-CFEB898BA1FF}.Release|x86.ActiveCfg = Release|Any CPU
		{14BD27FE-EE5E-4680-84F7-CFEB898BA1FF}.Release|x86.Build.0 = Release|Any CPU
		{BB0E298E-0AEE-4C91-93A8-6C85DA480DB7}.Debug|Any CPU.ActiveCfg = Debug|Any CPU
		{BB0E298E-0AEE-4C91-93A8-6C85DA480DB7}.Debug|Any CPU.Build.0 = Debug|Any CPU
		{BB0E298E-0AEE-4C91-93A8-6C85DA480DB7}.Debug|x64.ActiveCfg = Debug|Any CPU
		{BB0E298E-0AEE-4C91-93A8-6C85DA480DB7}.Debug|x64.Build.0 = Debug|Any CPU
		{BB0E298E-0AEE-4C91-93A8-6C85DA480DB7}.Debug|x86.ActiveCfg = Debug|Any CPU
		{BB0E298E-0AEE-4C91-93A8-6C85DA480DB7}.Debug|x86.Build.0 = Debug|Any CPU
		{BB0E298E-0AEE-4C91-93A8-6C85DA480DB7}.Release|Any CPU.ActiveCfg = Release|Any CPU
		{BB0E298E-0AEE-4C91-93A8-6C85DA480DB7}.Release|Any CPU.Build.0 = Release|Any CPU
		{BB0E298E-0AEE-4C91-93A8-6C85DA480DB7}.Release|x64.ActiveCfg = Release|Any CPU
		{BB0E298E-0AEE-4C91-93A8-6C85DA480DB7}.Release|x64.Build.0 = Release|Any CPU
		{BB0E298E-0AEE-4C91-93A8-6C85DA480DB7}.Release|x86.ActiveCfg = Release|Any CPU
		{BB0E298E-0AEE-4C91-93A8-6C85DA480DB7}.Release|x86.Build.0 = Release|Any CPU
		{F2CA5392-1C5B-4365-AB21-FACA5812E366}.Debug|Any CPU.ActiveCfg = Debug|Any CPU
		{F2CA5392-1C5B-4365-AB21-FACA5812E366}.Debug|Any CPU.Build.0 = Debug|Any CPU
		{F2CA5392-1C5B-4365-AB21-FACA5812E366}.Debug|x64.ActiveCfg = Debug|Any CPU
		{F2CA5392-1C5B-4365-AB21-FACA5812E366}.Debug|x64.Build.0 = Debug|Any CPU
		{F2CA5392-1C5B-4365-AB21-FACA5812E366}.Debug|x86.ActiveCfg = Debug|Any CPU
		{F2CA5392-1C5B-4365-AB21-FACA5812E366}.Debug|x86.Build.0 = Debug|Any CPU
		{F2CA5392-1C5B-4365-AB21-FACA5812E366}.Release|Any CPU.ActiveCfg = Release|Any CPU
		{F2CA5392-1C5B-4365-AB21-FACA5812E366}.Release|Any CPU.Build.0 = Release|Any CPU
		{F2CA5392-1C5B-4365-AB21-FACA5812E366}.Release|x64.ActiveCfg = Release|Any CPU
		{F2CA5392-1C5B-4365-AB21-FACA5812E366}.Release|x64.Build.0 = Release|Any CPU
		{F2CA5392-1C5B-4365-AB21-FACA5812E366}.Release|x86.ActiveCfg = Release|Any CPU
		{F2CA5392-1C5B-4365-AB21-FACA5812E366}.Release|x86.Build.0 = Release|Any CPU
	EndGlobalSection
	GlobalSection(SolutionProperties) = preSolution
		HideSolutionNode = FALSE
	EndGlobalSection
	GlobalSection(NestedProjects) = preSolution
		{64760A3C-6B9D-4C95-960A-F25A40148DC5} = {827E0CD3-B72D-47B6-A68D-7590B98EB39B}
		{6262310A-E628-45B1-9F05-2D5C549367D7} = {827E0CD3-B72D-47B6-A68D-7590B98EB39B}
		{14BD27FE-EE5E-4680-84F7-CFEB898BA1FF} = {827E0CD3-B72D-47B6-A68D-7590B98EB39B}
		{BB0E298E-0AEE-4C91-93A8-6C85DA480DB7} = {827E0CD3-B72D-47B6-A68D-7590B98EB39B}
		{F2CA5392-1C5B-4365-AB21-FACA5812E366} = {07C2787E-EAC7-C090-1BA3-A61EC2A24D84}
	EndGlobalSection
EndGlobal
